
Microsoft Visual Studio Solution File, Format Version 12.00
# Visual Studio Version 17
VisualStudioVersion = 17.0.32112.339
MinimumVisualStudioVersion = 10.0.40219.1
Project("{FAE04EC0-301F-11D3-BF4B-00C04F79EFBC}") = "PagerBuddy.Android", "PagerBuddy.Android\PagerBuddy.Android.csproj", "{F42FD308-B82C-4A23-B351-95560F736F68}"
EndProject
Project("{FAE04EC0-301F-11D3-BF4B-00C04F79EFBC}") = "PagerBuddy.iOS", "PagerBuddy.iOS\PagerBuddy.iOS.csproj", "{137AF397-4BDA-462B-BBAA-B6EB45506FEF}"
EndProject
Project("{9A19103F-16F7-4668-BE54-9A1E7A4F7556}") = "PagerBuddy", "PagerBuddy\PagerBuddy.csproj", "{55F79DE2-CE2B-4FA3-A432-9A1E44F3396B}"
EndProject
Project("{9A19103F-16F7-4668-BE54-9A1E7A4F7556}") = "PagerBuddy.Tests", "Test\PagerBuddy.Tests.csproj", "{BC95AFD8-C29D-49B7-AA83-C6DA418AE30E}"
EndProject
Project("{2150E333-8FDC-42A3-9474-1A3956D46DE8}") = "Solution Items", "Solution Items", "{7F46A75A-7EEF-49D1-9772-15633CFBD76A}"
	ProjectSection(SolutionItems) = preProject
		appsettings.json = appsettings.json
		buildtools.json = buildtools.json
	EndProjectSection
EndProject
Global
	GlobalSection(SolutionConfigurationPlatforms) = preSolution
		Debug|Any CPU = Debug|Any CPU
		Debug|iPhone = Debug|iPhone
		Debug|iPhoneSimulator = Debug|iPhoneSimulator
		Release|Any CPU = Release|Any CPU
		Release|iPhone = Release|iPhone
		Release|iPhoneSimulator = Release|iPhoneSimulator
	EndGlobalSection
	GlobalSection(ProjectConfigurationPlatforms) = postSolution
		{F42FD308-B82C-4A23-B351-95560F736F68}.Debug|Any CPU.ActiveCfg = Debug|Any CPU
		{F42FD308-B82C-4A23-B351-95560F736F68}.Debug|Any CPU.Build.0 = Debug|Any CPU
		{F42FD308-B82C-4A23-B351-95560F736F68}.Debug|Any CPU.Deploy.0 = Debug|Any CPU
		{F42FD308-B82C-4A23-B351-95560F736F68}.Debug|iPhone.ActiveCfg = Debug|Any CPU
		{F42FD308-B82C-4A23-B351-95560F736F68}.Debug|iPhone.Build.0 = Debug|Any CPU
		{F42FD308-B82C-4A23-B351-95560F736F68}.Debug|iPhone.Deploy.0 = Debug|Any CPU
		{F42FD308-B82C-4A23-B351-95560F736F68}.Debug|iPhoneSimulator.ActiveCfg = Debug|Any CPU
		{F42FD308-B82C-4A23-B351-95560F736F68}.Debug|iPhoneSimulator.Build.0 = Debug|Any CPU
		{F42FD308-B82C-4A23-B351-95560F736F68}.Debug|iPhoneSimulator.Deploy.0 = Debug|Any CPU
		{F42FD308-B82C-4A23-B351-95560F736F68}.Release|Any CPU.ActiveCfg = Release|Any CPU
		{F42FD308-B82C-4A23-B351-95560F736F68}.Release|Any CPU.Build.0 = Release|Any CPU
		{F42FD308-B82C-4A23-B351-95560F736F68}.Release|Any CPU.Deploy.0 = Release|Any CPU
		{F42FD308-B82C-4A23-B351-95560F736F68}.Release|iPhone.ActiveCfg = Release|Any CPU
		{F42FD308-B82C-4A23-B351-95560F736F68}.Release|iPhone.Build.0 = Release|Any CPU
		{F42FD308-B82C-4A23-B351-95560F736F68}.Release|iPhone.Deploy.0 = Release|Any CPU
		{F42FD308-B82C-4A23-B351-95560F736F68}.Release|iPhoneSimulator.ActiveCfg = Release|Any CPU
		{F42FD308-B82C-4A23-B351-95560F736F68}.Release|iPhoneSimulator.Build.0 = Release|Any CPU
		{F42FD308-B82C-4A23-B351-95560F736F68}.Release|iPhoneSimulator.Deploy.0 = Release|Any CPU
		{137AF397-4BDA-462B-BBAA-B6EB45506FEF}.Debug|Any CPU.ActiveCfg = Debug|iPhone
		{137AF397-4BDA-462B-BBAA-B6EB45506FEF}.Debug|Any CPU.Build.0 = Debug|iPhone
		{137AF397-4BDA-462B-BBAA-B6EB45506FEF}.Debug|Any CPU.Deploy.0 = Debug|iPhone
		{137AF397-4BDA-462B-BBAA-B6EB45506FEF}.Debug|iPhone.ActiveCfg = Debug|iPhone
		{137AF397-4BDA-462B-BBAA-B6EB45506FEF}.Debug|iPhone.Build.0 = Debug|iPhone
		{137AF397-4BDA-462B-BBAA-B6EB45506FEF}.Debug|iPhone.Deploy.0 = Debug|iPhone
		{137AF397-4BDA-462B-BBAA-B6EB45506FEF}.Debug|iPhoneSimulator.ActiveCfg = Debug|iPhoneSimulator
		{137AF397-4BDA-462B-BBAA-B6EB45506FEF}.Debug|iPhoneSimulator.Build.0 = Debug|iPhoneSimulator
		{137AF397-4BDA-462B-BBAA-B6EB45506FEF}.Debug|iPhoneSimulator.Deploy.0 = Debug|iPhoneSimulator
		{137AF397-4BDA-462B-BBAA-B6EB45506FEF}.Release|Any CPU.ActiveCfg = Release|iPhone
		{137AF397-4BDA-462B-BBAA-B6EB45506FEF}.Release|Any CPU.Build.0 = Release|iPhone
		{137AF397-4BDA-462B-BBAA-B6EB45506FEF}.Release|Any CPU.Deploy.0 = Release|iPhone
		{137AF397-4BDA-462B-BBAA-B6EB45506FEF}.Release|iPhone.ActiveCfg = Release|iPhone
		{137AF397-4BDA-462B-BBAA-B6EB45506FEF}.Release|iPhone.Build.0 = Release|iPhone
		{137AF397-4BDA-462B-BBAA-B6EB45506FEF}.Release|iPhone.Deploy.0 = Release|iPhone
		{137AF397-4BDA-462B-BBAA-B6EB45506FEF}.Release|iPhoneSimulator.ActiveCfg = Release|iPhoneSimulator
		{137AF397-4BDA-462B-BBAA-B6EB45506FEF}.Release|iPhoneSimulator.Build.0 = Release|iPhoneSimulator
		{137AF397-4BDA-462B-BBAA-B6EB45506FEF}.Release|iPhoneSimulator.Deploy.0 = Release|iPhoneSimulator
		{55F79DE2-CE2B-4FA3-A432-9A1E44F3396B}.Debug|Any CPU.ActiveCfg = Debug|Any CPU
		{55F79DE2-CE2B-4FA3-A432-9A1E44F3396B}.Debug|Any CPU.Build.0 = Debug|Any CPU
		{55F79DE2-CE2B-4FA3-A432-9A1E44F3396B}.Debug|Any CPU.Deploy.0 = Debug|Any CPU
		{55F79DE2-CE2B-4FA3-A432-9A1E44F3396B}.Debug|iPhone.ActiveCfg = Debug|Any CPU
		{55F79DE2-CE2B-4FA3-A432-9A1E44F3396B}.Debug|iPhone.Build.0 = Debug|Any CPU
		{55F79DE2-CE2B-4FA3-A432-9A1E44F3396B}.Debug|iPhone.Deploy.0 = Debug|Any CPU
		{55F79DE2-CE2B-4FA3-A432-9A1E44F3396B}.Debug|iPhoneSimulator.ActiveCfg = Debug|Any CPU
		{55F79DE2-CE2B-4FA3-A432-9A1E44F3396B}.Debug|iPhoneSimulator.Build.0 = Debug|Any CPU
		{55F79DE2-CE2B-4FA3-A432-9A1E44F3396B}.Debug|iPhoneSimulator.Deploy.0 = Debug|Any CPU
		{55F79DE2-CE2B-4FA3-A432-9A1E44F3396B}.Release|Any CPU.ActiveCfg = Release|Any CPU
		{55F79DE2-CE2B-4FA3-A432-9A1E44F3396B}.Release|Any CPU.Build.0 = Release|Any CPU
		{55F79DE2-CE2B-4FA3-A432-9A1E44F3396B}.Release|Any CPU.Deploy.0 = Release|Any CPU
		{55F79DE2-CE2B-4FA3-A432-9A1E44F3396B}.Release|iPhone.ActiveCfg = Release|Any CPU
		{55F79DE2-CE2B-4FA3-A432-9A1E44F3396B}.Release|iPhone.Build.0 = Release|Any CPU
		{55F79DE2-CE2B-4FA3-A432-9A1E44F3396B}.Release|iPhone.Deploy.0 = Release|Any CPU
		{55F79DE2-CE2B-4FA3-A432-9A1E44F3396B}.Release|iPhoneSimulator.ActiveCfg = Release|Any CPU
		{55F79DE2-CE2B-4FA3-A432-9A1E44F3396B}.Release|iPhoneSimulator.Build.0 = Release|Any CPU
		{55F79DE2-CE2B-4FA3-A432-9A1E44F3396B}.Release|iPhoneSimulator.Deploy.0 = Release|Any CPU
		{BC95AFD8-C29D-49B7-AA83-C6DA418AE30E}.Debug|Any CPU.ActiveCfg = Debug|Any CPU
		{BC95AFD8-C29D-49B7-AA83-C6DA418AE30E}.Debug|Any CPU.Build.0 = Debug|Any CPU
		{BC95AFD8-C29D-49B7-AA83-C6DA418AE30E}.Debug|iPhone.ActiveCfg = Debug|Any CPU
		{BC95AFD8-C29D-49B7-AA83-C6DA418AE30E}.Debug|iPhone.Build.0 = Debug|Any CPU
		{BC95AFD8-C29D-49B7-AA83-C6DA418AE30E}.Debug|iPhoneSimulator.ActiveCfg = Debug|Any CPU
		{BC95AFD8-C29D-49B7-AA83-C6DA418AE30E}.Debug|iPhoneSimulator.Build.0 = Debug|Any CPU
		{BC95AFD8-C29D-49B7-AA83-C6DA418AE30E}.Release|Any CPU.ActiveCfg = Release|Any CPU
		{BC95AFD8-C29D-49B7-AA83-C6DA418AE30E}.Release|Any CPU.Build.0 = Release|Any CPU
		{BC95AFD8-C29D-49B7-AA83-C6DA418AE30E}.Release|iPhone.ActiveCfg = Release|Any CPU
		{BC95AFD8-C29D-49B7-AA83-C6DA418AE30E}.Release|iPhone.Build.0 = Release|Any CPU
		{BC95AFD8-C29D-49B7-AA83-C6DA418AE30E}.Release|iPhoneSimulator.ActiveCfg = Release|Any CPU
		{BC95AFD8-C29D-49B7-AA83-C6DA418AE30E}.Release|iPhoneSimulator.Build.0 = Release|Any CPU
	EndGlobalSection
	GlobalSection(SolutionProperties) = preSolution
		HideSolutionNode = FALSE
	EndGlobalSection
	GlobalSection(ExtensibilityGlobals) = postSolution
		SolutionGuid = {BCCB3E0F-9961-41E7-BD48-B6CEFEFD505E}
	EndGlobalSection
EndGlobal
